
Microsoft Visual Studio Solution File, Format Version 12.00
# Visual Studio Version 17
VisualStudioVersion = 17.3.32825.248
MinimumVisualStudioVersion = 10.0.40219.1
Project("{8BC9CEB8-8B4A-11D0-8D11-00A0C91BC942}") = "P14_5", "Practice\P14_5\P14_5.vcxproj", "{444356CA-42C1-4272-A925-DFAAF34D862A}"
EndProject
Project("{2150E333-8FDC-42A3-9474-1A3956D46DE8}") = "Practice", "Practice", "{69577799-3FED-4D1D-AA3E-3159FED954E8}"
EndProject
Project("{8BC9CEB8-8B4A-11D0-8D11-00A0C91BC942}") = "P14_4", "Practice\P14_4\P14_4.vcxproj", "{1E126D3B-557E-40EA-8BFF-D3186482AADC}"
EndProject
Project("{2150E333-8FDC-42A3-9474-1A3956D46DE8}") = "Work", "Work", "{3E615001-0945-415C-8DFD-6E1BBD3932A8}"
EndProject
Project("{8BC9CEB8-8B4A-11D0-8D11-00A0C91BC942}") = "P8例1.3", "Practice\P8例1.3\P8例1.3.vcxproj", "{F095BB0F-78DF-4FEB-84CF-D378AE0C8CCD}"
EndProject
Project("{8BC9CEB8-8B4A-11D0-8D11-00A0C91BC942}") = "P14_6", "Practice\P14_6\P14_6.vcxproj", "{A01B0F61-02A9-4F18-8FF7-AA70E41B062C}"
EndProject
Project("{8BC9CEB8-8B4A-11D0-8D11-00A0C91BC942}") = "P33例2.19", "Practice\P33例2.19\P33例2.19.vcxproj", "{BE531DBB-56EE-471D-9684-CCA29CD76296}"
EndProject
Project("{8BC9CEB8-8B4A-11D0-8D11-00A0C91BC942}") = "求三角形面积P58例3.4", "Practice\求三角形面积P58例3.4\求三角形面积P58例3.4.vcxproj", "{C2530B51-C273-4E5A-9291-D9072245E0BC}"
EndProject
Project("{8BC9CEB8-8B4A-11D0-8D11-00A0C91BC942}") = "求一元二次方程的根", "Practice\求一元二次方程的根\求一元二次方程的根.vcxproj", "{00644E2D-39B4-411E-AAD5-CBF9C5C299B5}"
EndProject
Project("{8BC9CEB8-8B4A-11D0-8D11-00A0C91BC942}") = "P99例4.6", "Practice\P99例4.6\P99例4.6.vcxproj", "{52B118E4-74E0-4256-905E-AD6389981A44}"
EndProject
Project("{8BC9CEB8-8B4A-11D0-8D11-00A0C91BC942}") = "P109_9", "Practice\P109_9\P109_9.vcxproj", "{D5297275-FE8A-4A88-BCAB-767942EDC00F}"
EndProject
Project("{8BC9CEB8-8B4A-11D0-8D11-00A0C91BC942}") = "P82_5", "Practice\P82_5\P82_5.vcxproj", "{FF908CE1-C273-4DD3-A55F-44CF56954DAA}"
EndProject
Project("{8BC9CEB8-8B4A-11D0-8D11-00A0C91BC942}") = "经纬度判断", "Work\经纬度判断\经纬度判断.vcxproj", "{05836F6E-4D96-4FA7-A0B4-A6C6892EEE21}"
EndProject
Project("{8BC9CEB8-8B4A-11D0-8D11-00A0C91BC942}") = "两条直线交点", "Practice\两条直线交点\两条直线交点.vcxproj", "{15E74989-159C-452C-8F05-49674E0EA7B6}"
EndProject
Project("{8BC9CEB8-8B4A-11D0-8D11-00A0C91BC942}") = "isPrime", "Work\isPrime\isPrime.vcxproj", "{20939E66-F2B9-4C6A-A3A9-16C711FA59F7}"
EndProject
Project("{8BC9CEB8-8B4A-11D0-8D11-00A0C91BC942}") = "PerfectNumber", "Work\PerfectNumber\PerfectNumber.vcxproj", "{89106560-E881-4A35-9F04-B9FF82A0CC10}"
EndProject
Project("{8BC9CEB8-8B4A-11D0-8D11-00A0C91BC942}") = "回文字符串", "Work\回文字符串\回文字符串.vcxproj", "{6ABEA336-D4B5-4557-BB16-77EDA79929E4}"
EndProject
Global
	GlobalSection(SolutionConfigurationPlatforms) = preSolution
		Debug|x64 = Debug|x64
		Debug|x86 = Debug|x86
		Release|x64 = Release|x64
		Release|x86 = Release|x86
	EndGlobalSection
	GlobalSection(ProjectConfigurationPlatforms) = postSolution
		{444356CA-42C1-4272-A925-DFAAF34D862A}.Debug|x64.ActiveCfg = Debug|x64
		{444356CA-42C1-4272-A925-DFAAF34D862A}.Debug|x64.Build.0 = Debug|x64
		{444356CA-42C1-4272-A925-DFAAF34D862A}.Debug|x86.ActiveCfg = Debug|Win32
		{444356CA-42C1-4272-A925-DFAAF34D862A}.Debug|x86.Build.0 = Debug|Win32
		{444356CA-42C1-4272-A925-DFAAF34D862A}.Release|x64.ActiveCfg = Release|x64
		{444356CA-42C1-4272-A925-DFAAF34D862A}.Release|x64.Build.0 = Release|x64
		{444356CA-42C1-4272-A925-DFAAF34D862A}.Release|x86.ActiveCfg = Release|Win32
		{444356CA-42C1-4272-A925-DFAAF34D862A}.Release|x86.Build.0 = Release|Win32
		{1E126D3B-557E-40EA-8BFF-D3186482AADC}.Debug|x64.ActiveCfg = Debug|x64
		{1E126D3B-557E-40EA-8BFF-D3186482AADC}.Debug|x64.Build.0 = Debug|x64
		{1E126D3B-557E-40EA-8BFF-D3186482AADC}.Debug|x86.ActiveCfg = Debug|Win32
		{1E126D3B-557E-40EA-8BFF-D3186482AADC}.Debug|x86.Build.0 = Debug|Win32
		{1E126D3B-557E-40EA-8BFF-D3186482AADC}.Release|x64.ActiveCfg = Release|x64
		{1E126D3B-557E-40EA-8BFF-D3186482AADC}.Release|x64.Build.0 = Release|x64
		{1E126D3B-557E-40EA-8BFF-D3186482AADC}.Release|x86.ActiveCfg = Release|Win32
		{1E126D3B-557E-40EA-8BFF-D3186482AADC}.Release|x86.Build.0 = Release|Win32
		{F095BB0F-78DF-4FEB-84CF-D378AE0C8CCD}.Debug|x64.ActiveCfg = Debug|x64
		{F095BB0F-78DF-4FEB-84CF-D378AE0C8CCD}.Debug|x64.Build.0 = Debug|x64
		{F095BB0F-78DF-4FEB-84CF-D378AE0C8CCD}.Debug|x86.ActiveCfg = Debug|Win32
		{F095BB0F-78DF-4FEB-84CF-D378AE0C8CCD}.Debug|x86.Build.0 = Debug|Win32
		{F095BB0F-78DF-4FEB-84CF-D378AE0C8CCD}.Release|x64.ActiveCfg = Release|x64
		{F095BB0F-78DF-4FEB-84CF-D378AE0C8CCD}.Release|x64.Build.0 = Release|x64
		{F095BB0F-78DF-4FEB-84CF-D378AE0C8CCD}.Release|x86.ActiveCfg = Release|Win32
		{F095BB0F-78DF-4FEB-84CF-D378AE0C8CCD}.Release|x86.Build.0 = Release|Win32
		{A01B0F61-02A9-4F18-8FF7-AA70E41B062C}.Debug|x64.ActiveCfg = Debug|x64
		{A01B0F61-02A9-4F18-8FF7-AA70E41B062C}.Debug|x64.Build.0 = Debug|x64
		{A01B0F61-02A9-4F18-8FF7-AA70E41B062C}.Debug|x86.ActiveCfg = Debug|Win32
		{A01B0F61-02A9-4F18-8FF7-AA70E41B062C}.Debug|x86.Build.0 = Debug|Win32
		{A01B0F61-02A9-4F18-8FF7-AA70E41B062C}.Release|x64.ActiveCfg = Release|x64
		{A01B0F61-02A9-4F18-8FF7-AA70E41B062C}.Release|x64.Build.0 = Release|x64
		{A01B0F61-02A9-4F18-8FF7-AA70E41B062C}.Release|x86.ActiveCfg = Release|Win32
		{A01B0F61-02A9-4F18-8FF7-AA70E41B062C}.Release|x86.Build.0 = Release|Win32
		{BE531DBB-56EE-471D-9684-CCA29CD76296}.Debug|x64.ActiveCfg = Debug|x64
		{BE531DBB-56EE-471D-9684-CCA29CD76296}.Debug|x64.Build.0 = Debug|x64
		{BE531DBB-56EE-471D-9684-CCA29CD76296}.Debug|x86.ActiveCfg = Debug|Win32
		{BE531DBB-56EE-471D-9684-CCA29CD76296}.Debug|x86.Build.0 = Debug|Win32
		{BE531DBB-56EE-471D-9684-CCA29CD76296}.Release|x64.ActiveCfg = Release|x64
		{BE531DBB-56EE-471D-9684-CCA29CD76296}.Release|x64.Build.0 = Release|x64
		{BE531DBB-56EE-471D-9684-CCA29CD76296}.Release|x86.ActiveCfg = Release|Win32
		{BE531DBB-56EE-471D-9684-CCA29CD76296}.Release|x86.Build.0 = Release|Win32
		{C2530B51-C273-4E5A-9291-D9072245E0BC}.Debug|x64.ActiveCfg = Debug|x64
		{C2530B51-C273-4E5A-9291-D9072245E0BC}.Debug|x64.Build.0 = Debug|x64
		{C2530B51-C273-4E5A-9291-D9072245E0BC}.Debug|x86.ActiveCfg = Debug|Win32
		{C2530B51-C273-4E5A-9291-D9072245E0BC}.Debug|x86.Build.0 = Debug|Win32
		{C2530B51-C273-4E5A-9291-D9072245E0BC}.Release|x64.ActiveCfg = Release|x64
		{C2530B51-C273-4E5A-9291-D9072245E0BC}.Release|x64.Build.0 = Release|x64
		{C2530B51-C273-4E5A-9291-D9072245E0BC}.Release|x86.ActiveCfg = Release|Win32
		{C2530B51-C273-4E5A-9291-D9072245E0BC}.Release|x86.Build.0 = Release|Win32
		{00644E2D-39B4-411E-AAD5-CBF9C5C299B5}.Debug|x64.ActiveCfg = Debug|x64
		{00644E2D-39B4-411E-AAD5-CBF9C5C299B5}.Debug|x64.Build.0 = Debug|x64
		{00644E2D-39B4-411E-AAD5-CBF9C5C299B5}.Debug|x86.ActiveCfg = Debug|Win32
		{00644E2D-39B4-411E-AAD5-CBF9C5C299B5}.Debug|x86.Build.0 = Debug|Win32
		{00644E2D-39B4-411E-AAD5-CBF9C5C299B5}.Release|x64.ActiveCfg = Release|x64
		{00644E2D-39B4-411E-AAD5-CBF9C5C299B5}.Release|x64.Build.0 = Release|x64
		{00644E2D-39B4-411E-AAD5-CBF9C5C299B5}.Release|x86.ActiveCfg = Release|Win32
		{00644E2D-39B4-411E-AAD5-CBF9C5C299B5}.Release|x86.Build.0 = Release|Win32
		{52B118E4-74E0-4256-905E-AD6389981A44}.Debug|x64.ActiveCfg = Debug|x64
		{52B118E4-74E0-4256-905E-AD6389981A44}.Debug|x64.Build.0 = Debug|x64
		{52B118E4-74E0-4256-905E-AD6389981A44}.Debug|x86.ActiveCfg = Debug|Win32
		{52B118E4-74E0-4256-905E-AD6389981A44}.Debug|x86.Build.0 = Debug|Win32
		{52B118E4-74E0-4256-905E-AD6389981A44}.Release|x64.ActiveCfg = Release|x64
		{52B118E4-74E0-4256-905E-AD6389981A44}.Release|x64.Build.0 = Release|x64
		{52B118E4-74E0-4256-905E-AD6389981A44}.Release|x86.ActiveCfg = Release|Win32
		{52B118E4-74E0-4256-905E-AD6389981A44}.Release|x86.Build.0 = Release|Win32
		{D5297275-FE8A-4A88-BCAB-767942EDC00F}.Debug|x64.ActiveCfg = Debug|x64
		{D5297275-FE8A-4A88-BCAB-767942EDC00F}.Debug|x64.Build.0 = Debug|x64
		{D5297275-FE8A-4A88-BCAB-767942EDC00F}.Debug|x86.ActiveCfg = Debug|Win32
		{D5297275-FE8A-4A88-BCAB-767942EDC00F}.Debug|x86.Build.0 = Debug|Win32
		{D5297275-FE8A-4A88-BCAB-767942EDC00F}.Release|x64.ActiveCfg = Release|x64
		{D5297275-FE8A-4A88-BCAB-767942EDC00F}.Release|x64.Build.0 = Release|x64
		{D5297275-FE8A-4A88-BCAB-767942EDC00F}.Release|x86.ActiveCfg = Release|Win32
		{D5297275-FE8A-4A88-BCAB-767942EDC00F}.Release|x86.Build.0 = Release|Win32
		{FF908CE1-C273-4DD3-A55F-44CF56954DAA}.Debug|x64.ActiveCfg = Debug|x64
		{FF908CE1-C273-4DD3-A55F-44CF56954DAA}.Debug|x64.Build.0 = Debug|x64
		{FF908CE1-C273-4DD3-A55F-44CF56954DAA}.Debug|x86.ActiveCfg = Debug|Win32
		{FF908CE1-C273-4DD3-A55F-44CF56954DAA}.Debug|x86.Build.0 = Debug|Win32
		{FF908CE1-C273-4DD3-A55F-44CF56954DAA}.Release|x64.ActiveCfg = Release|x64
		{FF908CE1-C273-4DD3-A55F-44CF56954DAA}.Release|x64.Build.0 = Release|x64
		{FF908CE1-C273-4DD3-A55F-44CF56954DAA}.Release|x86.ActiveCfg = Release|Win32
		{FF908CE1-C273-4DD3-A55F-44CF56954DAA}.Release|x86.Build.0 = Release|Win32
		{05836F6E-4D96-4FA7-A0B4-A6C6892EEE21}.Debug|x64.ActiveCfg = Debug|x64
		{05836F6E-4D96-4FA7-A0B4-A6C6892EEE21}.Debug|x64.Build.0 = Debug|x64
		{05836F6E-4D96-4FA7-A0B4-A6C6892EEE21}.Debug|x86.ActiveCfg = Debug|Win32
		{05836F6E-4D96-4FA7-A0B4-A6C6892EEE21}.Debug|x86.Build.0 = Debug|Win32
		{05836F6E-4D96-4FA7-A0B4-A6C6892EEE21}.Release|x64.ActiveCfg = Release|x64
		{05836F6E-4D96-4FA7-A0B4-A6C6892EEE21}.Release|x64.Build.0 = Release|x64
		{05836F6E-4D96-4FA7-A0B4-A6C6892EEE21}.Release|x86.ActiveCfg = Release|Win32
		{05836F6E-4D96-4FA7-A0B4-A6C6892EEE21}.Release|x86.Build.0 = Release|Win32
		{15E74989-159C-452C-8F05-49674E0EA7B6}.Debug|x64.ActiveCfg = Debug|x64
		{15E74989-159C-452C-8F05-49674E0EA7B6}.Debug|x64.Build.0 = Debug|x64
		{15E74989-159C-452C-8F05-49674E0EA7B6}.Debug|x86.ActiveCfg = Debug|Win32
		{15E74989-159C-452C-8F05-49674E0EA7B6}.Debug|x86.Build.0 = Debug|Win32
		{15E74989-159C-452C-8F05-49674E0EA7B6}.Release|x64.ActiveCfg = Release|x64
		{15E74989-159C-452C-8F05-49674E0EA7B6}.Release|x64.Build.0 = Release|x64
		{15E74989-159C-452C-8F05-49674E0EA7B6}.Release|x86.ActiveCfg = Release|Win32
		{15E74989-159C-452C-8F05-49674E0EA7B6}.Release|x86.Build.0 = Release|Win32
		{20939E66-F2B9-4C6A-A3A9-16C711FA59F7}.Debug|x64.ActiveCfg = Debug|x64
		{20939E66-F2B9-4C6A-A3A9-16C711FA59F7}.Debug|x64.Build.0 = Debug|x64
		{20939E66-F2B9-4C6A-A3A9-16C711FA59F7}.Debug|x86.ActiveCfg = Debug|Win32
		{20939E66-F2B9-4C6A-A3A9-16C711FA59F7}.Debug|x86.Build.0 = Debug|Win32
		{20939E66-F2B9-4C6A-A3A9-16C711FA59F7}.Release|x64.ActiveCfg = Release|x64
		{20939E66-F2B9-4C6A-A3A9-16C711FA59F7}.Release|x64.Build.0 = Release|x64
		{20939E66-F2B9-4C6A-A3A9-16C711FA59F7}.Release|x86.ActiveCfg = Release|Win32
		{20939E66-F2B9-4C6A-A3A9-16C711FA59F7}.Release|x86.Build.0 = Release|Win32
		{89106560-E881-4A35-9F04-B9FF82A0CC10}.Debug|x64.ActiveCfg = Debug|x64
		{89106560-E881-4A35-9F04-B9FF82A0CC10}.Debug|x64.Build.0 = Debug|x64
		{89106560-E881-4A35-9F04-B9FF82A0CC10}.Debug|x86.ActiveCfg = Debug|Win32
		{89106560-E881-4A35-9F04-B9FF82A0CC10}.Debug|x86.Build.0 = Debug|Win32
		{89106560-E881-4A35-9F04-B9FF82A0CC10}.Release|x64.ActiveCfg = Release|x64
		{89106560-E881-4A35-9F04-B9FF82A0CC10}.Release|x64.Build.0 = Release|x64
		{89106560-E881-4A35-9F04-B9FF82A0CC10}.Release|x86.ActiveCfg = Release|Win32
		{89106560-E881-4A35-9F04-B9FF82A0CC10}.Release|x86.Build.0 = Release|Win32
		{6ABEA336-D4B5-4557-BB16-77EDA79929E4}.Debug|x64.ActiveCfg = Debug|x64
		{6ABEA336-D4B5-4557-BB16-77EDA79929E4}.Debug|x64.Build.0 = Debug|x64
		{6ABEA336-D4B5-4557-BB16-77EDA79929E4}.Debug|x86.ActiveCfg = Debug|Win32
		{6ABEA336-D4B5-4557-BB16-77EDA79929E4}.Debug|x86.Build.0 = Debug|Win32
		{6ABEA336-D4B5-4557-BB16-77EDA79929E4}.Release|x64.ActiveCfg = Release|x64
		{6ABEA336-D4B5-4557-BB16-77EDA79929E4}.Release|x64.Build.0 = Release|x64
		{6ABEA336-D4B5-4557-BB16-77EDA79929E4}.Release|x86.ActiveCfg = Release|Win32
		{6ABEA336-D4B5-4557-BB16-77EDA79929E4}.Release|x86.Build.0 = Release|Win32
	EndGlobalSection
	GlobalSection(SolutionProperties) = preSolution
		HideSolutionNode = FALSE
	EndGlobalSection
	GlobalSection(NestedProjects) = preSolution
		{444356CA-42C1-4272-A925-DFAAF34D862A} = {69577799-3FED-4D1D-AA3E-3159FED954E8}
		{1E126D3B-557E-40EA-8BFF-D3186482AADC} = {69577799-3FED-4D1D-AA3E-3159FED954E8}
		{F095BB0F-78DF-4FEB-84CF-D378AE0C8CCD} = {69577799-3FED-4D1D-AA3E-3159FED954E8}
		{A01B0F61-02A9-4F18-8FF7-AA70E41B062C} = {69577799-3FED-4D1D-AA3E-3159FED954E8}
		{BE531DBB-56EE-471D-9684-CCA29CD76296} = {69577799-3FED-4D1D-AA3E-3159FED954E8}
		{C2530B51-C273-4E5A-9291-D9072245E0BC} = {69577799-3FED-4D1D-AA3E-3159FED954E8}
		{00644E2D-39B4-411E-AAD5-CBF9C5C299B5} = {69577799-3FED-4D1D-AA3E-3159FED954E8}
		{52B118E4-74E0-4256-905E-AD6389981A44} = {69577799-3FED-4D1D-AA3E-3159FED954E8}
		{D5297275-FE8A-4A88-BCAB-767942EDC00F} = {69577799-3FED-4D1D-AA3E-3159FED954E8}
		{FF908CE1-C273-4DD3-A55F-44CF56954DAA} = {69577799-3FED-4D1D-AA3E-3159FED954E8}
		{05836F6E-4D96-4FA7-A0B4-A6C6892EEE21} = {3E615001-0945-415C-8DFD-6E1BBD3932A8}
		{15E74989-159C-452C-8F05-49674E0EA7B6} = {69577799-3FED-4D1D-AA3E-3159FED954E8}
		{20939E66-F2B9-4C6A-A3A9-16C711FA59F7} = {3E615001-0945-415C-8DFD-6E1BBD3932A8}
		{89106560-E881-4A35-9F04-B9FF82A0CC10} = {3E615001-0945-415C-8DFD-6E1BBD3932A8}
		{6ABEA336-D4B5-4557-BB16-77EDA79929E4} = {3E615001-0945-415C-8DFD-6E1BBD3932A8}
	EndGlobalSection
	GlobalSection(ExtensibilityGlobals) = postSolution
		SolutionGuid = {6A31806B-C5F3-4417-86F7-F692C623D3F4}
	EndGlobalSection
EndGlobal
